
Microsoft Visual Studio Solution File, Format Version 12.00
# Visual Studio 2013
VisualStudioVersion = 12.0.30110.0
MinimumVisualStudioVersion = 10.0.40219.1
Project("{8BC9CEB8-8B4A-11D0-8D11-00A0C91BC942}") = "List", "List\List.vcxproj", "{8A568AEB-B203-4F20-84E6-55804775609B}"
EndProject
Project("{2150E333-8FDC-42A3-9474-1A3956D46DE8}") = "Solution Items", "Solution Items", "{11B0B318-CB18-4F82-829A-6D0446401C12}"
	ProjectSection(SolutionItems) = preProject
		.gitattributes = .gitattributes
		.gitignore = .gitignore
		README.md = README.md
	EndProjectSection
EndProject
Project("{8BC9CEB8-8B4A-11D0-8D11-00A0C91BC942}") = "SeqStack", "SeqStack\SeqStack.vcxproj", "{DC5E021B-FB9C-4CE7-AC85-BF1C980481C2}"
EndProject
Global
	GlobalSection(SolutionConfigurationPlatforms) = preSolution
		Debug|Win32 = Debug|Win32
		Release|Win32 = Release|Win32
	EndGlobalSection
	GlobalSection(ProjectConfigurationPlatforms) = postSolution
		{8A568AEB-B203-4F20-84E6-55804775609B}.Debug|Win32.ActiveCfg = Debug|Win32
		{8A568AEB-B203-4F20-84E6-55804775609B}.Debug|Win32.Build.0 = Debug|Win32
		{8A568AEB-B203-4F20-84E6-55804775609B}.Release|Win32.ActiveCfg = Release|Win32
		{8A568AEB-B203-4F20-84E6-55804775609B}.Release|Win32.Build.0 = Release|Win32
		{DC5E021B-FB9C-4CE7-AC85-BF1C980481C2}.Debug|Win32.ActiveCfg = Debug|Win32
		{DC5E021B-FB9C-4CE7-AC85-BF1C980481C2}.Debug|Win32.Build.0 = Debug|Win32
		{DC5E021B-FB9C-4CE7-AC85-BF1C980481C2}.Release|Win32.ActiveCfg = Release|Win32
		{DC5E021B-FB9C-4CE7-AC85-BF1C980481C2}.Release|Win32.Build.0 = Release|Win32
	EndGlobalSection
	GlobalSection(SolutionProperties) = preSolution
		HideSolutionNode = FALSE
	EndGlobalSection
	GlobalSection(Performance) = preSolution
		HasPerformanceSessions = true
	EndGlobalSection
EndGlobal
