
Microsoft Visual Studio Solution File, Format Version 12.00
# Visual Studio 2013
VisualStudioVersion = 12.0.30501.0
MinimumVisualStudioVersion = 10.0.40219.1
Project("{8BC9CEB8-8B4A-11D0-8D11-00A0C91BC942}") = "List", "List\List.vcxproj", "{8A568AEB-B203-4F20-84E6-55804775609B}"
EndProject
Project("{2150E333-8FDC-42A3-9474-1A3956D46DE8}") = "Solution Items", "Solution Items", "{11B0B318-CB18-4F82-829A-6D0446401C12}"
	ProjectSection(SolutionItems) = preProject
		.gitattributes = .gitattributes
		.gitignore = .gitignore
		README.md = README.md
	EndProjectSection
EndProject
Project("{8BC9CEB8-8B4A-11D0-8D11-00A0C91BC942}") = "LinkQueue", "LinkQueue\LinkQueue.vcxproj", "{ABDF92DC-C15E-4ED6-8E6F-90B0EEB4452E}"
EndProject
Project("{8BC9CEB8-8B4A-11D0-8D11-00A0C91BC942}") = "LinkStack", "LinkStack\LinkStack.vcxproj", "{92730EF0-A6AE-42C7-91B7-B89E5B435D31}"
EndProject
Project("{8BC9CEB8-8B4A-11D0-8D11-00A0C91BC942}") = "Maze", "Maze\Maze.vcxproj", "{A2B8DC17-A0EA-4104-A882-23354E786CFE}"
EndProject
Project("{8BC9CEB8-8B4A-11D0-8D11-00A0C91BC942}") = "Table", "Table\Table.vcxproj", "{B6E8BA36-F0F9-453F-BE6F-5AFF5E5DF8DC}"
EndProject
Project("{8BC9CEB8-8B4A-11D0-8D11-00A0C91BC942}") = "BinaryTree", "BinaryTree\BinaryTree.vcxproj", "{7A33FB90-ADAB-4150-AFDE-142AA60BB223}"
EndProject
Project("{8BC9CEB8-8B4A-11D0-8D11-00A0C91BC942}") = "Sort", "Sort\Sort.vcxproj", "{400C782E-C652-4BD7-8F17-1F85A007D90D}"
EndProject
Project("{8BC9CEB8-8B4A-11D0-8D11-00A0C91BC942}") = "MST", "MST\MST.vcxproj", "{012C1A7A-6E2F-49F0-A018-B99B883B6BC0}"
EndProject
Project("{8BC9CEB8-8B4A-11D0-8D11-00A0C91BC942}") = "Graph", "Graph\Graph.vcxproj", "{48EE6510-D0BF-46FF-BD4A-CEEAA2F43698}"
EndProject
Global
	GlobalSection(SolutionConfigurationPlatforms) = preSolution
		Debug|Any CPU = Debug|Any CPU
		Debug|Mixed Platforms = Debug|Mixed Platforms
		Debug|Win32 = Debug|Win32
		Release|Any CPU = Release|Any CPU
		Release|Mixed Platforms = Release|Mixed Platforms
		Release|Win32 = Release|Win32
	EndGlobalSection
	GlobalSection(ProjectConfigurationPlatforms) = postSolution
		{8A568AEB-B203-4F20-84E6-55804775609B}.Debug|Any CPU.ActiveCfg = Debug|Win32
		{8A568AEB-B203-4F20-84E6-55804775609B}.Debug|Mixed Platforms.ActiveCfg = Debug|Win32
		{8A568AEB-B203-4F20-84E6-55804775609B}.Debug|Mixed Platforms.Build.0 = Debug|Win32
		{8A568AEB-B203-4F20-84E6-55804775609B}.Debug|Win32.ActiveCfg = Debug|Win32
		{8A568AEB-B203-4F20-84E6-55804775609B}.Debug|Win32.Build.0 = Debug|Win32
		{8A568AEB-B203-4F20-84E6-55804775609B}.Release|Any CPU.ActiveCfg = Release|Win32
		{8A568AEB-B203-4F20-84E6-55804775609B}.Release|Mixed Platforms.ActiveCfg = Release|Win32
		{8A568AEB-B203-4F20-84E6-55804775609B}.Release|Mixed Platforms.Build.0 = Release|Win32
		{8A568AEB-B203-4F20-84E6-55804775609B}.Release|Win32.ActiveCfg = Release|Win32
		{8A568AEB-B203-4F20-84E6-55804775609B}.Release|Win32.Build.0 = Release|Win32
		{ABDF92DC-C15E-4ED6-8E6F-90B0EEB4452E}.Debug|Any CPU.ActiveCfg = Debug|Win32
		{ABDF92DC-C15E-4ED6-8E6F-90B0EEB4452E}.Debug|Mixed Platforms.ActiveCfg = Debug|Win32
		{ABDF92DC-C15E-4ED6-8E6F-90B0EEB4452E}.Debug|Mixed Platforms.Build.0 = Debug|Win32
		{ABDF92DC-C15E-4ED6-8E6F-90B0EEB4452E}.Debug|Win32.ActiveCfg = Debug|Win32
		{ABDF92DC-C15E-4ED6-8E6F-90B0EEB4452E}.Debug|Win32.Build.0 = Debug|Win32
		{ABDF92DC-C15E-4ED6-8E6F-90B0EEB4452E}.Release|Any CPU.ActiveCfg = Release|Win32
		{ABDF92DC-C15E-4ED6-8E6F-90B0EEB4452E}.Release|Mixed Platforms.ActiveCfg = Release|Win32
		{ABDF92DC-C15E-4ED6-8E6F-90B0EEB4452E}.Release|Mixed Platforms.Build.0 = Release|Win32
		{ABDF92DC-C15E-4ED6-8E6F-90B0EEB4452E}.Release|Win32.ActiveCfg = Release|Win32
		{ABDF92DC-C15E-4ED6-8E6F-90B0EEB4452E}.Release|Win32.Build.0 = Release|Win32
		{92730EF0-A6AE-42C7-91B7-B89E5B435D31}.Debug|Any CPU.ActiveCfg = Debug|Win32
		{92730EF0-A6AE-42C7-91B7-B89E5B435D31}.Debug|Mixed Platforms.ActiveCfg = Debug|Win32
		{92730EF0-A6AE-42C7-91B7-B89E5B435D31}.Debug|Mixed Platforms.Build.0 = Debug|Win32
		{92730EF0-A6AE-42C7-91B7-B89E5B435D31}.Debug|Win32.ActiveCfg = Debug|Win32
		{92730EF0-A6AE-42C7-91B7-B89E5B435D31}.Debug|Win32.Build.0 = Debug|Win32
		{92730EF0-A6AE-42C7-91B7-B89E5B435D31}.Release|Any CPU.ActiveCfg = Release|Win32
		{92730EF0-A6AE-42C7-91B7-B89E5B435D31}.Release|Mixed Platforms.ActiveCfg = Release|Win32
		{92730EF0-A6AE-42C7-91B7-B89E5B435D31}.Release|Mixed Platforms.Build.0 = Release|Win32
		{92730EF0-A6AE-42C7-91B7-B89E5B435D31}.Release|Win32.ActiveCfg = Release|Win32
		{92730EF0-A6AE-42C7-91B7-B89E5B435D31}.Release|Win32.Build.0 = Release|Win32
		{A2B8DC17-A0EA-4104-A882-23354E786CFE}.Debug|Any CPU.ActiveCfg = Debug|Win32
		{A2B8DC17-A0EA-4104-A882-23354E786CFE}.Debug|Mixed Platforms.ActiveCfg = Debug|Win32
		{A2B8DC17-A0EA-4104-A882-23354E786CFE}.Debug|Mixed Platforms.Build.0 = Debug|Win32
		{A2B8DC17-A0EA-4104-A882-23354E786CFE}.Debug|Win32.ActiveCfg = Debug|Win32
		{A2B8DC17-A0EA-4104-A882-23354E786CFE}.Debug|Win32.Build.0 = Debug|Win32
		{A2B8DC17-A0EA-4104-A882-23354E786CFE}.Release|Any CPU.ActiveCfg = Release|Win32
		{A2B8DC17-A0EA-4104-A882-23354E786CFE}.Release|Mixed Platforms.ActiveCfg = Release|Win32
		{A2B8DC17-A0EA-4104-A882-23354E786CFE}.Release|Mixed Platforms.Build.0 = Release|Win32
		{A2B8DC17-A0EA-4104-A882-23354E786CFE}.Release|Win32.ActiveCfg = Release|Win32
		{A2B8DC17-A0EA-4104-A882-23354E786CFE}.Release|Win32.Build.0 = Release|Win32
		{B6E8BA36-F0F9-453F-BE6F-5AFF5E5DF8DC}.Debug|Any CPU.ActiveCfg = Debug|Win32
		{B6E8BA36-F0F9-453F-BE6F-5AFF5E5DF8DC}.Debug|Mixed Platforms.ActiveCfg = Debug|Win32
		{B6E8BA36-F0F9-453F-BE6F-5AFF5E5DF8DC}.Debug|Mixed Platforms.Build.0 = Debug|Win32
		{B6E8BA36-F0F9-453F-BE6F-5AFF5E5DF8DC}.Debug|Win32.ActiveCfg = Debug|Win32
		{B6E8BA36-F0F9-453F-BE6F-5AFF5E5DF8DC}.Debug|Win32.Build.0 = Debug|Win32
		{B6E8BA36-F0F9-453F-BE6F-5AFF5E5DF8DC}.Release|Any CPU.ActiveCfg = Release|Win32
		{B6E8BA36-F0F9-453F-BE6F-5AFF5E5DF8DC}.Release|Mixed Platforms.ActiveCfg = Release|Win32
		{B6E8BA36-F0F9-453F-BE6F-5AFF5E5DF8DC}.Release|Mixed Platforms.Build.0 = Release|Win32
		{B6E8BA36-F0F9-453F-BE6F-5AFF5E5DF8DC}.Release|Win32.ActiveCfg = Release|Win32
		{B6E8BA36-F0F9-453F-BE6F-5AFF5E5DF8DC}.Release|Win32.Build.0 = Release|Win32
		{7A33FB90-ADAB-4150-AFDE-142AA60BB223}.Debug|Any CPU.ActiveCfg = Debug|Win32
		{7A33FB90-ADAB-4150-AFDE-142AA60BB223}.Debug|Mixed Platforms.ActiveCfg = Debug|Win32
		{7A33FB90-ADAB-4150-AFDE-142AA60BB223}.Debug|Mixed Platforms.Build.0 = Debug|Win32
		{7A33FB90-ADAB-4150-AFDE-142AA60BB223}.Debug|Win32.ActiveCfg = Debug|Win32
		{7A33FB90-ADAB-4150-AFDE-142AA60BB223}.Debug|Win32.Build.0 = Debug|Win32
		{7A33FB90-ADAB-4150-AFDE-142AA60BB223}.Release|Any CPU.ActiveCfg = Release|Win32
		{7A33FB90-ADAB-4150-AFDE-142AA60BB223}.Release|Mixed Platforms.ActiveCfg = Release|Win32
		{7A33FB90-ADAB-4150-AFDE-142AA60BB223}.Release|Mixed Platforms.Build.0 = Release|Win32
		{7A33FB90-ADAB-4150-AFDE-142AA60BB223}.Release|Win32.ActiveCfg = Release|Win32
		{7A33FB90-ADAB-4150-AFDE-142AA60BB223}.Release|Win32.Build.0 = Release|Win32
		{400C782E-C652-4BD7-8F17-1F85A007D90D}.Debug|Any CPU.ActiveCfg = Debug|Win32
		{400C782E-C652-4BD7-8F17-1F85A007D90D}.Debug|Mixed Platforms.ActiveCfg = Debug|Win32
		{400C782E-C652-4BD7-8F17-1F85A007D90D}.Debug|Mixed Platforms.Build.0 = Debug|Win32
		{400C782E-C652-4BD7-8F17-1F85A007D90D}.Debug|Win32.ActiveCfg = Debug|Win32
		{400C782E-C652-4BD7-8F17-1F85A007D90D}.Debug|Win32.Build.0 = Debug|Win32
		{400C782E-C652-4BD7-8F17-1F85A007D90D}.Release|Any CPU.ActiveCfg = Release|Win32
		{400C782E-C652-4BD7-8F17-1F85A007D90D}.Release|Mixed Platforms.ActiveCfg = Release|Win32
		{400C782E-C652-4BD7-8F17-1F85A007D90D}.Release|Mixed Platforms.Build.0 = Release|Win32
		{400C782E-C652-4BD7-8F17-1F85A007D90D}.Release|Win32.ActiveCfg = Release|Win32
		{400C782E-C652-4BD7-8F17-1F85A007D90D}.Release|Win32.Build.0 = Release|Win32
		{012C1A7A-6E2F-49F0-A018-B99B883B6BC0}.Debug|Any CPU.ActiveCfg = Debug|Win32
		{012C1A7A-6E2F-49F0-A018-B99B883B6BC0}.Debug|Mixed Platforms.ActiveCfg = Debug|Win32
		{012C1A7A-6E2F-49F0-A018-B99B883B6BC0}.Debug|Mixed Platforms.Build.0 = Debug|Win32
		{012C1A7A-6E2F-49F0-A018-B99B883B6BC0}.Debug|Win32.ActiveCfg = Debug|Win32
		{012C1A7A-6E2F-49F0-A018-B99B883B6BC0}.Debug|Win32.Build.0 = Debug|Win32
		{012C1A7A-6E2F-49F0-A018-B99B883B6BC0}.Release|Any CPU.ActiveCfg = Release|Win32
		{012C1A7A-6E2F-49F0-A018-B99B883B6BC0}.Release|Mixed Platforms.ActiveCfg = Release|Win32
		{012C1A7A-6E2F-49F0-A018-B99B883B6BC0}.Release|Mixed Platforms.Build.0 = Release|Win32
		{012C1A7A-6E2F-49F0-A018-B99B883B6BC0}.Release|Win32.ActiveCfg = Release|Win32
		{012C1A7A-6E2F-49F0-A018-B99B883B6BC0}.Release|Win32.Build.0 = Release|Win32
		{48EE6510-D0BF-46FF-BD4A-CEEAA2F43698}.Debug|Any CPU.ActiveCfg = Debug|Win32
		{48EE6510-D0BF-46FF-BD4A-CEEAA2F43698}.Debug|Mixed Platforms.ActiveCfg = Debug|Win32
		{48EE6510-D0BF-46FF-BD4A-CEEAA2F43698}.Debug|Mixed Platforms.Build.0 = Debug|Win32
		{48EE6510-D0BF-46FF-BD4A-CEEAA2F43698}.Debug|Win32.ActiveCfg = Debug|Win32
		{48EE6510-D0BF-46FF-BD4A-CEEAA2F43698}.Debug|Win32.Build.0 = Debug|Win32
		{48EE6510-D0BF-46FF-BD4A-CEEAA2F43698}.Release|Any CPU.ActiveCfg = Release|Win32
		{48EE6510-D0BF-46FF-BD4A-CEEAA2F43698}.Release|Mixed Platforms.ActiveCfg = Release|Win32
		{48EE6510-D0BF-46FF-BD4A-CEEAA2F43698}.Release|Mixed Platforms.Build.0 = Release|Win32
		{48EE6510-D0BF-46FF-BD4A-CEEAA2F43698}.Release|Win32.ActiveCfg = Release|Win32
		{48EE6510-D0BF-46FF-BD4A-CEEAA2F43698}.Release|Win32.Build.0 = Release|Win32
	EndGlobalSection
	GlobalSection(SolutionProperties) = preSolution
		HideSolutionNode = FALSE
	EndGlobalSection
EndGlobal
